
Microsoft Visual Studio Solution File, Format Version 12.00
# Visual Studio Version 17
VisualStudioVersion = 17.14.36408.4 d17.14
MinimumVisualStudioVersion = 10.0.40219.1
Project("{FAE04EC0-301F-11D3-BF4B-00C04F79EFBC}") = "WebApplication122222", "WebApplication122222.csproj", "{31B4CF2E-CED9-461B-B240-9FA226A59656}"
EndProject
Global
	GlobalSection(SolutionConfigurationPlatforms) = preSolution
		Debug|Any CPU = Debug|Any CPU
		Release|Any CPU = Release|Any CPU
	EndGlobalSection
	GlobalSection(ProjectConfigurationPlatforms) = postSolution
		{31B4CF2E-CED9-461B-B240-9FA226A59656}.Debug|Any CPU.ActiveCfg = Debug|Any CPU
		{31B4CF2E-CED9-461B-B240-9FA226A59656}.Debug|Any CPU.Build.0 = Debug|Any CPU
		{31B4CF2E-CED9-461B-B240-9FA226A59656}.Release|Any CPU.ActiveCfg = Release|Any CPU
		{31B4CF2E-CED9-461B-B240-9FA226A59656}.Release|Any CPU.Build.0 = Release|Any CPU
	EndGlobalSection
	GlobalSection(SolutionProperties) = preSolution
		HideSolutionNode = FALSE
	EndGlobalSection
	GlobalSection(ExtensibilityGlobals) = postSolution
		SolutionGuid = {8B511DC0-9EAD-4C57-917A-D98617682961}
	EndGlobalSection
EndGlobal
